// !$*UTF8*$!
{
	archiveVersion = 1;
	classes = {
	};
	objectVersion = 48;
	objects = {

/* Begin PBXBuildFile section */
		43BC4FD31F2270D000E2D355 /* AppDelegate.swift in Sources */ = {isa = PBXBuildFile; fileRef = 43BC4FD21F2270D000E2D355 /* AppDelegate.swift */; };
		43BC4FD51F2270D000E2D355 /* ViewController.swift in Sources */ = {isa = PBXBuildFile; fileRef = 43BC4FD41F2270D000E2D355 /* ViewController.swift */; };
		43BC4FD81F2270D000E2D355 /* Main.storyboard in Resources */ = {isa = PBXBuildFile; fileRef = 43BC4FD61F2270D000E2D355 /* Main.storyboard */; };
		43BC4FDA1F2270D000E2D355 /* Assets.xcassets in Resources */ = {isa = PBXBuildFile; fileRef = 43BC4FD91F2270D000E2D355 /* Assets.xcassets */; };
		43BC4FDD1F2270D000E2D355 /* LaunchScreen.storyboard in Resources */ = {isa = PBXBuildFile; fileRef = 43BC4FDB1F2270D000E2D355 /* LaunchScreen.storyboard */; };
		43BC4FE81F2270D100E2D355 /* QuizTests.swift in Sources */ = {isa = PBXBuildFile; fileRef = 43BC4FE71F2270D100E2D355 /* QuizTests.swift */; };
		43BC4FF31F2270D100E2D355 /* QuizUITests.swift in Sources */ = {isa = PBXBuildFile; fileRef = 43BC4FF21F2270D100E2D355 /* QuizUITests.swift */; };
		43BC50011F22710700E2D355 /* README.md in Sources */ = {isa = PBXBuildFile; fileRef = 43BC50001F22710700E2D355 /* README.md */; };
/* End PBXBuildFile section */

/* Begin PBXContainerItemProxy section */
		43BC4FE41F2270D100E2D355 /* PBXContainerItemProxy */ = {
			isa = PBXContainerItemProxy;
			containerPortal = 43BC4FC71F2270CF00E2D355 /* Project object */;
			proxyType = 1;
			remoteGlobalIDString = 43BC4FCE1F2270CF00E2D355;
			remoteInfo = Quiz;
		};
		43BC4FEF1F2270D100E2D355 /* PBXContainerItemProxy */ = {
			isa = PBXContainerItemProxy;
			containerPortal = 43BC4FC71F2270CF00E2D355 /* Project object */;
			proxyType = 1;
			remoteGlobalIDString = 43BC4FCE1F2270CF00E2D355;
			remoteInfo = Quiz;
		};
/* End PBXContainerItemProxy section */

/* Begin PBXFileReference section */
		43BC4FCF1F2270D000E2D355 /* Quiz.app */ = {isa = PBXFileReference; explicitFileType = wrapper.application; includeInIndex = 0; path = Quiz.app; sourceTree = BUILT_PRODUCTS_DIR; };
		43BC4FD21F2270D000E2D355 /* AppDelegate.swift */ = {isa = PBXFileReference; lastKnownFileType = sourcecode.swift; path = AppDelegate.swift; sourceTree = "<group>"; };
		43BC4FD41F2270D000E2D355 /* ViewController.swift */ = {isa = PBXFileReference; lastKnownFileType = sourcecode.swift; path = ViewController.swift; sourceTree = "<group>"; };
		43BC4FD71F2270D000E2D355 /* Base */ = {isa = PBXFileReference; lastKnownFileType = file.storyboard; name = Base; path = Base.lproj/Main.storyboard; sourceTree = "<group>"; };
		43BC4FD91F2270D000E2D355 /* Assets.xcassets */ = {isa = PBXFileReference; lastKnownFileType = folder.assetcatalog; path = Assets.xcassets; sourceTree = "<group>"; };
		43BC4FDC1F2270D000E2D355 /* Base */ = {isa = PBXFileReference; lastKnownFileType = file.storyboard; name = Base; path = Base.lproj/LaunchScreen.storyboard; sourceTree = "<group>"; };
		43BC4FDE1F2270D000E2D355 /* Info.plist */ = {isa = PBXFileReference; lastKnownFileType = text.plist.xml; path = Info.plist; sourceTree = "<group>"; };
		43BC4FE31F2270D100E2D355 /* QuizTests.xctest */ = {isa = PBXFileReference; explicitFileType = wrapper.cfbundle; includeInIndex = 0; path = QuizTests.xctest; sourceTree = BUILT_PRODUCTS_DIR; };
		43BC4FE71F2270D100E2D355 /* QuizTests.swift */ = {isa = PBXFileReference; lastKnownFileType = sourcecode.swift; path = QuizTests.swift; sourceTree = "<group>"; };
		43BC4FE91F2270D100E2D355 /* Info.plist */ = {isa = PBXFileReference; lastKnownFileType = text.plist.xml; path = Info.plist; sourceTree = "<group>"; };
		43BC4FEE1F2270D100E2D355 /* QuizUITests.xctest */ = {isa = PBXFileReference; explicitFileType = wrapper.cfbundle; includeInIndex = 0; path = QuizUITests.xctest; sourceTree = BUILT_PRODUCTS_DIR; };
		43BC4FF21F2270D100E2D355 /* QuizUITests.swift */ = {isa = PBXFileReference; lastKnownFileType = sourcecode.swift; path = QuizUITests.swift; sourceTree = "<group>"; };
		43BC4FF41F2270D100E2D355 /* Info.plist */ = {isa = PBXFileReference; lastKnownFileType = text.plist.xml; path = Info.plist; sourceTree = "<group>"; };
		43BC50001F22710700E2D355 /* README.md */ = {isa = PBXFileReference; lastKnownFileType = net.daringfireball.markdown; path = README.md; sourceTree = "<group>"; };
/* End PBXFileReference section */

/* Begin PBXFrameworksBuildPhase section */
		43BC4FCC1F2270CF00E2D355 /* Frameworks */ = {
			isa = PBXFrameworksBuildPhase;
			buildActionMask = 2147483647;
			files = (
			);
			runOnlyForDeploymentPostprocessing = 0;
		};
		43BC4FE01F2270D100E2D355 /* Frameworks */ = {
			isa = PBXFrameworksBuildPhase;
			buildActionMask = 2147483647;
			files = (
			);
			runOnlyForDeploymentPostprocessing = 0;
		};
		43BC4FEB1F2270D100E2D355 /* Frameworks */ = {
			isa = PBXFrameworksBuildPhase;
			buildActionMask = 2147483647;
			files = (
			);
			runOnlyForDeploymentPostprocessing = 0;
		};
/* End PBXFrameworksBuildPhase section */

/* Begin PBXGroup section */
		43BC4FC61F2270CF00E2D355 = {
			isa = PBXGroup;
			children = (
				43BC50001F22710700E2D355 /* README.md */,
				43BC4FD11F2270D000E2D355 /* Quiz */,
				43BC4FE61F2270D100E2D355 /* QuizTests */,
				43BC4FF11F2270D100E2D355 /* QuizUITests */,
				43BC4FD01F2270D000E2D355 /* Products */,
			);
			sourceTree = "<group>";
		};
		43BC4FD01F2270D000E2D355 /* Products */ = {
			isa = PBXGroup;
			children = (
				43BC4FCF1F2270D000E2D355 /* Quiz.app */,
				43BC4FE31F2270D100E2D355 /* QuizTests.xctest */,
				43BC4FEE1F2270D100E2D355 /* QuizUITests.xctest */,
			);
			name = Products;
			sourceTree = "<group>";
		};
		43BC4FD11F2270D000E2D355 /* Quiz */ = {
			isa = PBXGroup;
			children = (
				43BC4FD21F2270D000E2D355 /* AppDelegate.swift */,
				43BC4FD41F2270D000E2D355 /* ViewController.swift */,
				43BC4FD61F2270D000E2D355 /* Main.storyboard */,
				43BC4FD91F2270D000E2D355 /* Assets.xcassets */,
				43BC4FDB1F2270D000E2D355 /* LaunchScreen.storyboard */,
				43BC4FDE1F2270D000E2D355 /* Info.plist */,
			);
			path = Quiz;
			sourceTree = "<group>";
		};
		43BC4FE61F2270D100E2D355 /* QuizTests */ = {
			isa = PBXGroup;
			children = (
				43BC4FE71F2270D100E2D355 /* QuizTests.swift */,
				43BC4FE91F2270D100E2D355 /* Info.plist */,
			);
			path = QuizTests;
			sourceTree = "<group>";
		};
		43BC4FF11F2270D100E2D355 /* QuizUITests */ = {
			isa = PBXGroup;
			children = (
				43BC4FF21F2270D100E2D355 /* QuizUITests.swift */,
				43BC4FF41F2270D100E2D355 /* Info.plist */,
			);
			path = QuizUITests;
			sourceTree = "<group>";
		};
/* End PBXGroup section */

/* Begin PBXNativeTarget section */
		43BC4FCE1F2270CF00E2D355 /* Quiz */ = {
			isa = PBXNativeTarget;
			buildConfigurationList = 43BC4FF71F2270D100E2D355 /* Build configuration list for PBXNativeTarget "Quiz" */;
			buildPhases = (
				43BC4FCB1F2270CF00E2D355 /* Sources */,
				43BC4FCC1F2270CF00E2D355 /* Frameworks */,
				43BC4FCD1F2270CF00E2D355 /* Resources */,
			);
			buildRules = (
			);
			dependencies = (
			);
			name = Quiz;
			productName = Quiz;
			productReference = 43BC4FCF1F2270D000E2D355 /* Quiz.app */;
			productType = "com.apple.product-type.application";
		};
		43BC4FE21F2270D100E2D355 /* QuizTests */ = {
			isa = PBXNativeTarget;
			buildConfigurationList = 43BC4FFA1F2270D100E2D355 /* Build configuration list for PBXNativeTarget "QuizTests" */;
			buildPhases = (
				43BC4FDF1F2270D100E2D355 /* Sources */,
				43BC4FE01F2270D100E2D355 /* Frameworks */,
				43BC4FE11F2270D100E2D355 /* Resources */,
			);
			buildRules = (
			);
			dependencies = (
				43BC4FE51F2270D100E2D355 /* PBXTargetDependency */,
			);
			name = QuizTests;
			productName = QuizTests;
			productReference = 43BC4FE31F2270D100E2D355 /* QuizTests.xctest */;
			productType = "com.apple.product-type.bundle.unit-test";
		};
		43BC4FED1F2270D100E2D355 /* QuizUITests */ = {
			isa = PBXNativeTarget;
			buildConfigurationList = 43BC4FFD1F2270D100E2D355 /* Build configuration list for PBXNativeTarget "QuizUITests" */;
			buildPhases = (
				43BC4FEA1F2270D100E2D355 /* Sources */,
				43BC4FEB1F2270D100E2D355 /* Frameworks */,
				43BC4FEC1F2270D100E2D355 /* Resources */,
			);
			buildRules = (
			);
			dependencies = (
				43BC4FF01F2270D100E2D355 /* PBXTargetDependency */,
			);
			name = QuizUITests;
			productName = QuizUITests;
			productReference = 43BC4FEE1F2270D100E2D355 /* QuizUITests.xctest */;
			productType = "com.apple.product-type.bundle.ui-testing";
		};
/* End PBXNativeTarget section */

/* Begin PBXProject section */
		43BC4FC71F2270CF00E2D355 /* Project object */ = {
			isa = PBXProject;
			attributes = {
				LastSwiftUpdateCheck = 0900;
				LastUpgradeCheck = 0900;
				ORGANIZATIONNAME = "Nicholas Grana";
				TargetAttributes = {
					43BC4FCE1F2270CF00E2D355 = {
						CreatedOnToolsVersion = 9.0;
					};
					43BC4FE21F2270D100E2D355 = {
						CreatedOnToolsVersion = 9.0;
						TestTargetID = 43BC4FCE1F2270CF00E2D355;
					};
					43BC4FED1F2270D100E2D355 = {
						CreatedOnToolsVersion = 9.0;
						TestTargetID = 43BC4FCE1F2270CF00E2D355;
					};
				};
			};
			buildConfigurationList = 43BC4FCA1F2270CF00E2D355 /* Build configuration list for PBXProject "Quiz" */;
			compatibilityVersion = "Xcode 8.0";
			developmentRegion = en;
			hasScannedForEncodings = 0;
			knownRegions = (
				en,
				Base,
			);
			mainGroup = 43BC4FC61F2270CF00E2D355;
			productRefGroup = 43BC4FD01F2270D000E2D355 /* Products */;
			projectDirPath = "";
			projectRoot = "";
			targets = (
				43BC4FCE1F2270CF00E2D355 /* Quiz */,
				43BC4FE21F2270D100E2D355 /* QuizTests */,
				43BC4FED1F2270D100E2D355 /* QuizUITests */,
			);
		};
/* End PBXProject section */

/* Begin PBXResourcesBuildPhase section */
		43BC4FCD1F2270CF00E2D355 /* Resources */ = {
			isa = PBXResourcesBuildPhase;
			buildActionMask = 2147483647;
			files = (
				43BC4FDD1F2270D000E2D355 /* LaunchScreen.storyboard in Resources */,
				43BC4FDA1F2270D000E2D355 /* Assets.xcassets in Resources */,
				43BC4FD81F2270D000E2D355 /* Main.storyboard in Resources */,
			);
			runOnlyForDeploymentPostprocessing = 0;
		};
		43BC4FE11F2270D100E2D355 /* Resources */ = {
			isa = PBXResourcesBuildPhase;
			buildActionMask = 2147483647;
			files = (
			);
			runOnlyForDeploymentPostprocessing = 0;
		};
		43BC4FEC1F2270D100E2D355 /* Resources */ = {
			isa = PBXResourcesBuildPhase;
			buildActionMask = 2147483647;
			files = (
			);
			runOnlyForDeploymentPostprocessing = 0;
		};
/* End PBXResourcesBuildPhase section */

/* Begin PBXSourcesBuildPhase section */
		43BC4FCB1F2270CF00E2D355 /* Sources */ = {
			isa = PBXSourcesBuildPhase;
			buildActionMask = 2147483647;
			files = (
				43BC50011F22710700E2D355 /* README.md in Sources */,
				43BC4FD51F2270D000E2D355 /* ViewController.swift in Sources */,
				43BC4FD31F2270D000E2D355 /* AppDelegate.swift in Sources */,
			);
			runOnlyForDeploymentPostprocessing = 0;
		};
		43BC4FDF1F2270D100E2D355 /* Sources */ = {
			isa = PBXSourcesBuildPhase;
			buildActionMask = 2147483647;
			files = (
				43BC4FE81F2270D100E2D355 /* QuizTests.swift in Sources */,
			);
			runOnlyForDeploymentPostprocessing = 0;
		};
		43BC4FEA1F2270D100E2D355 /* Sources */ = {
			isa = PBXSourcesBuildPhase;
			buildActionMask = 2147483647;
			files = (
				43BC4FF31F2270D100E2D355 /* QuizUITests.swift in Sources */,
			);
			runOnlyForDeploymentPostprocessing = 0;
		};
/* End PBXSourcesBuildPhase section */

/* Begin PBXTargetDependency section */
		43BC4FE51F2270D100E2D355 /* PBXTargetDependency */ = {
			isa = PBXTargetDependency;
			target = 43BC4FCE1F2270CF00E2D355 /* Quiz */;
			targetProxy = 43BC4FE41F2270D100E2D355 /* PBXContainerItemProxy */;
		};
		43BC4FF01F2270D100E2D355 /* PBXTargetDependency */ = {
			isa = PBXTargetDependency;
			target = 43BC4FCE1F2270CF00E2D355 /* Quiz */;
			targetProxy = 43BC4FEF1F2270D100E2D355 /* PBXContainerItemProxy */;
		};
/* End PBXTargetDependency section */

/* Begin PBXVariantGroup section */
		43BC4FD61F2270D000E2D355 /* Main.storyboard */ = {
			isa = PBXVariantGroup;
			children = (
				43BC4FD71F2270D000E2D355 /* Base */,
			);
			name = Main.storyboard;
			sourceTree = "<group>";
		};
		43BC4FDB1F2270D000E2D355 /* LaunchScreen.storyboard */ = {
			isa = PBXVariantGroup;
			children = (
				43BC4FDC1F2270D000E2D355 /* Base */,
			);
			name = LaunchScreen.storyboard;
			sourceTree = "<group>";
		};
/* End PBXVariantGroup section */

/* Begin XCBuildConfiguration section */
		43BC4FF51F2270D100E2D355 /* Debug */ = {
			isa = XCBuildConfiguration;
			buildSettings = {
				ALWAYS_SEARCH_USER_PATHS = NO;
				CLANG_ANALYZER_NONNULL = YES;
				CLANG_ANALYZER_NUMBER_OBJECT_CONVERSION = YES_AGGRESSIVE;
				CLANG_CXX_LANGUAGE_STANDARD = "gnu++14";
				CLANG_CXX_LIBRARY = "libc++";
				CLANG_ENABLE_MODULES = YES;
				CLANG_ENABLE_OBJC_ARC = YES;
				CLANG_WARN_BLOCK_CAPTURE_AUTORELEASING = YES;
				CLANG_WARN_BOOL_CONVERSION = YES;
				CLANG_WARN_COMMA = YES;
				CLANG_WARN_CONSTANT_CONVERSION = YES;
				CLANG_WARN_DIRECT_OBJC_ISA_USAGE = YES_ERROR;
				CLANG_WARN_DOCUMENTATION_COMMENTS = YES;
				CLANG_WARN_EMPTY_BODY = YES;
				CLANG_WARN_ENUM_CONVERSION = YES;
				CLANG_WARN_INFINITE_RECURSION = YES;
				CLANG_WARN_INT_CONVERSION = YES;
				CLANG_WARN_OBJC_ROOT_CLASS = YES_ERROR;
				CLANG_WARN_RANGE_LOOP_ANALYSIS = YES;
				CLANG_WARN_STRICT_PROTOTYPES = YES;
				CLANG_WARN_SUSPICIOUS_MOVE = YES;
				CLANG_WARN_UNGUARDED_AVAILABILITY = YES_AGGRESSIVE;
				CLANG_WARN_UNREACHABLE_CODE = YES;
				CLANG_WARN__DUPLICATE_METHOD_MATCH = YES;
				CODE_SIGN_IDENTITY = "iPhone Developer";
				COPY_PHASE_STRIP = NO;
				DEBUG_INFORMATION_FORMAT = dwarf;
				ENABLE_STRICT_OBJC_MSGSEND = YES;
				ENABLE_TESTABILITY = YES;
				GCC_C_LANGUAGE_STANDARD = gnu11;
				GCC_DYNAMIC_NO_PIC = NO;
				GCC_NO_COMMON_BLOCKS = YES;
				GCC_OPTIMIZATION_LEVEL = 0;
				GCC_PREPROCESSOR_DEFINITIONS = (
					"DEBUG=1",
					"$(inherited)",
				);
				GCC_WARN_64_TO_32_BIT_CONVERSION = YES;
				GCC_WARN_ABOUT_RETURN_TYPE = YES_ERROR;
				GCC_WARN_UNDECLARED_SELECTOR = YES;
				GCC_WARN_UNINITIALIZED_AUTOS = YES_AGGRESSIVE;
				GCC_WARN_UNUSED_FUNCTION = YES;
				GCC_WARN_UNUSED_VARIABLE = YES;
				IPHONEOS_DEPLOYMENT_TARGET = 11.0;
				MTL_ENABLE_DEBUG_INFO = YES;
				ONLY_ACTIVE_ARCH = YES;
				SDKROOT = iphoneos;
				SWIFT_ACTIVE_COMPILATION_CONDITIONS = DEBUG;
				SWIFT_OPTIMIZATION_LEVEL = "-Onone";
			};
			name = Debug;
		};
		43BC4FF61F2270D100E2D355 /* Release */ = {
			isa = XCBuildConfiguration;
			buildSettings = {
				ALWAYS_SEARCH_USER_PATHS = NO;
				CLANG_ANALYZER_NONNULL = YES;
				CLANG_ANALYZER_NUMBER_OBJECT_CONVERSION = YES_AGGRESSIVE;
				CLANG_CXX_LANGUAGE_STANDARD = "gnu++14";
				CLANG_CXX_LIBRARY = "libc++";
				CLANG_ENABLE_MODULES = YES;
				CLANG_ENABLE_OBJC_ARC = YES;
				CLANG_WARN_BLOCK_CAPTURE_AUTORELEASING = YES;
				CLANG_WARN_BOOL_CONVERSION = YES;
				CLANG_WARN_COMMA = YES;
				CLANG_WARN_CONSTANT_CONVERSION = YES;
				CLANG_WARN_DIRECT_OBJC_ISA_USAGE = YES_ERROR;
				CLANG_WARN_DOCUMENTATION_COMMENTS = YES;
				CLANG_WARN_EMPTY_BODY = YES;
				CLANG_WARN_ENUM_CONVERSION = YES;
				CLANG_WARN_INFINITE_RECURSION = YES;
				CLANG_WARN_INT_CONVERSION = YES;
				CLANG_WARN_OBJC_ROOT_CLASS = YES_ERROR;
				CLANG_WARN_RANGE_LOOP_ANALYSIS = YES;
				CLANG_WARN_STRICT_PROTOTYPES = YES;
				CLANG_WARN_SUSPICIOUS_MOVE = YES;
				CLANG_WARN_UNGUARDED_AVAILABILITY = YES_AGGRESSIVE;
				CLANG_WARN_UNREACHABLE_CODE = YES;
				CLANG_WARN__DUPLICATE_METHOD_MATCH = YES;
				CODE_SIGN_IDENTITY = "iPhone Developer";
				COPY_PHASE_STRIP = NO;
				DEBUG_INFORMATION_FORMAT = "dwarf-with-dsym";
				ENABLE_NS_ASSERTIONS = NO;
				ENABLE_STRICT_OBJC_MSGSEND = YES;
				GCC_C_LANGUAGE_STANDARD = gnu11;
				GCC_NO_COMMON_BLOCKS = YES;
				GCC_WARN_64_TO_32_BIT_CONVERSION = YES;
				GCC_WARN_ABOUT_RETURN_TYPE = YES_ERROR;
				GCC_WARN_UNDECLARED_SELECTOR = YES;
				GCC_WARN_UNINITIALIZED_AUTOS = YES_AGGRESSIVE;
				GCC_WARN_UNUSED_FUNCTION = YES;
				GCC_WARN_UNUSED_VARIABLE = YES;
				IPHONEOS_DEPLOYMENT_TARGET = 11.0;
				MTL_ENABLE_DEBUG_INFO = NO;
				SDKROOT = iphoneos;
				SWIFT_OPTIMIZATION_LEVEL = "-Owholemodule";
				VALIDATE_PRODUCT = YES;
			};
			name = Release;
		};
		43BC4FF81F2270D100E2D355 /* Debug */ = {
			isa = XCBuildConfiguration;
			buildSettings = {
				ASSETCATALOG_COMPILER_APPICON_NAME = AppIcon;
				DEVELOPMENT_TEAM = 6B5AP37L3T;
				INFOPLIST_FILE = Quiz/Info.plist;
				LD_RUNPATH_SEARCH_PATHS = "$(inherited) @executable_path/Frameworks";
				PRODUCT_BUNDLE_IDENTIFIER = com.nicholasgrana.Quiz;
				PRODUCT_NAME = "$(TARGET_NAME)";
				SWIFT_VERSION = 4.0;
				TARGETED_DEVICE_FAMILY = "1,2";
			};
			name = Debug;
		};
		43BC4FF91F2270D100E2D355 /* Release */ = {
			isa = XCBuildConfiguration;
			buildSettings = {
				ASSETCATALOG_COMPILER_APPICON_NAME = AppIcon;
				DEVELOPMENT_TEAM = 6B5AP37L3T;
				INFOPLIST_FILE = Quiz/Info.plist;
				LD_RUNPATH_SEARCH_PATHS = "$(inherited) @executable_path/Frameworks";
				PRODUCT_BUNDLE_IDENTIFIER = com.nicholasgrana.Quiz;
				PRODUCT_NAME = "$(TARGET_NAME)";
				SWIFT_VERSION = 4.0;
				TARGETED_DEVICE_FAMILY = "1,2";
			};
			name = Release;
		};
		43BC4FFB1F2270D100E2D355 /* Debug */ = {
			isa = XCBuildConfiguration;
			buildSettings = {
				ALWAYS_EMBED_SWIFT_STANDARD_LIBRARIES = YES;
				BUNDLE_LOADER = "$(TEST_HOST)";
				DEVELOPMENT_TEAM = 6B5AP37L3T;
				INFOPLIST_FILE = QuizTests/Info.plist;
				LD_RUNPATH_SEARCH_PATHS = "$(inherited) @executable_path/Frameworks @loader_path/Frameworks";
				PRODUCT_BUNDLE_IDENTIFIER = com.nicholasgrana.QuizTests;
				PRODUCT_NAME = "$(TARGET_NAME)";
				SWIFT_VERSION = 4.0;
				TARGETED_DEVICE_FAMILY = "1,2";
				TEST_HOST = "$(BUILT_PRODUCTS_DIR)/Quiz.app/Quiz";
			};
			name = Debug;
		};
		43BC4FFC1F2270D100E2D355 /* Release */ = {
			isa = XCBuildConfiguration;
			buildSettings = {
				ALWAYS_EMBED_SWIFT_STANDARD_LIBRARIES = YES;
				BUNDLE_LOADER = "$(TEST_HOST)";
				DEVELOPMENT_TEAM = 6B5AP37L3T;
				INFOPLIST_FILE = QuizTests/Info.plist;
				LD_RUNPATH_SEARCH_PATHS = "$(inherited) @executable_path/Frameworks @loader_path/Frameworks";
				PRODUCT_BUNDLE_IDENTIFIER = com.nicholasgrana.QuizTests;
				PRODUCT_NAME = "$(TARGET_NAME)";
				SWIFT_VERSION = 4.0;
				TARGETED_DEVICE_FAMILY = "1,2";
				TEST_HOST = "$(BUILT_PRODUCTS_DIR)/Quiz.app/Quiz";
			};
			name = Release;
		};
		43BC4FFE1F2270D100E2D355 /* Debug */ = {
			isa = XCBuildConfiguration;
			buildSettings = {
				ALWAYS_EMBED_SWIFT_STANDARD_LIBRARIES = YES;
				DEVELOPMENT_TEAM = 6B5AP37L3T;
				INFOPLIST_FILE = QuizUITests/Info.plist;
				LD_RUNPATH_SEARCH_PATHS = "$(inherited) @executable_path/Frameworks @loader_path/Frameworks";
				PRODUCT_BUNDLE_IDENTIFIER = com.nicholasgrana.QuizUITests;
				PRODUCT_NAME = "$(TARGET_NAME)";
				SWIFT_VERSION = 4.0;
				TARGETED_DEVICE_FAMILY = "1,2";
				TEST_TARGET_NAME = Quiz;
			};
			name = Debug;
		};
		43BC4FFF1F2270D100E2D355 /* Release */ = {
			isa = XCBuildConfiguration;
			buildSettings = {
				ALWAYS_EMBED_SWIFT_STANDARD_LIBRARIES = YES;
				DEVELOPMENT_TEAM = 6B5AP37L3T;
				INFOPLIST_FILE = QuizUITests/Info.plist;
				LD_RUNPATH_SEARCH_PATHS = "$(inherited) @executable_path/Frameworks @loader_path/Frameworks";
				PRODUCT_BUNDLE_IDENTIFIER = com.nicholasgrana.QuizUITests;
				PRODUCT_NAME = "$(TARGET_NAME)";
				SWIFT_VERSION = 4.0;
				TARGETED_DEVICE_FAMILY = "1,2";
				TEST_TARGET_NAME = Quiz;
			};
			name = Release;
		};
/* End XCBuildConfiguration section */

/* Begin XCConfigurationList section */
		43BC4FCA1F2270CF00E2D355 /* Build configuration list for PBXProject "Quiz" */ = {
			isa = XCConfigurationList;
			buildConfigurations = (
				43BC4FF51F2270D100E2D355 /* Debug */,
				43BC4FF61F2270D100E2D355 /* Release */,
			);
			defaultConfigurationIsVisible = 0;
			defaultConfigurationName = Release;
		};
		43BC4FF71F2270D100E2D355 /* Build configuration list for PBXNativeTarget "Quiz" */ = {
			isa = XCConfigurationList;
			buildConfigurations = (
				43BC4FF81F2270D100E2D355 /* Debug */,
				43BC4FF91F2270D100E2D355 /* Release */,
			);
			defaultConfigurationIsVisible = 0;
		};
		43BC4FFA1F2270D100E2D355 /* Build configuration list for PBXNativeTarget "QuizTests" */ = {
			isa = XCConfigurationList;
			buildConfigurations = (
				43BC4FFB1F2270D100E2D355 /* Debug */,
				43BC4FFC1F2270D100E2D355 /* Release */,
			);
			defaultConfigurationIsVisible = 0;
		};
		43BC4FFD1F2270D100E2D355 /* Build configuration list for PBXNativeTarget "QuizUITests" */ = {
			isa = XCConfigurationList;
			buildConfigurations = (
				43BC4FFE1F2270D100E2D355 /* Debug */,
				43BC4FFF1F2270D100E2D355 /* Release */,
			);
			defaultConfigurationIsVisible = 0;
		};
/* End XCConfigurationList section */
	};
	rootObject = 43BC4FC71F2270CF00E2D355 /* Project object */;
}
